
Microsoft Visual Studio Solution File, Format Version 12.00
# Visual Studio Version 16
VisualStudioVersion = 16.0.29230.47
MinimumVisualStudioVersion = 10.0.40219.1
Project("{8BC9CEB8-8B4A-11D0-8D11-00A0C91BC942}") = "E01", "E01\E01.vcxproj", "{CD91593A-B469-4984-9357-3DE4450E61E0}"
EndProject
Global
	GlobalSection(SolutionConfigurationPlatforms) = preSolution
		Debug|x64 = Debug|x64
		Debug|x86 = Debug|x86
		Release|x64 = Release|x64
		Release|x86 = Release|x86
	EndGlobalSection
	GlobalSection(ProjectConfigurationPlatforms) = postSolution
		{CD91593A-B469-4984-9357-3DE4450E61E0}.Debug|x64.ActiveCfg = Debug|x64
		{CD91593A-B469-4984-9357-3DE4450E61E0}.Debug|x64.Build.0 = Debug|x64
		{CD91593A-B469-4984-9357-3DE4450E61E0}.Debug|x86.ActiveCfg = Debug|Win32
		{CD91593A-B469-4984-9357-3DE4450E61E0}.Debug|x86.Build.0 = Debug|Win32
		{CD91593A-B469-4984-9357-3DE4450E61E0}.Release|x64.ActiveCfg = Release|x64
		{CD91593A-B469-4984-9357-3DE4450E61E0}.Release|x64.Build.0 = Release|x64
		{CD91593A-B469-4984-9357-3DE4450E61E0}.Release|x86.ActiveCfg = Release|Win32
		{CD91593A-B469-4984-9357-3DE4450E61E0}.Release|x86.Build.0 = Release|Win32
	EndGlobalSection
	GlobalSection(SolutionProperties) = preSolution
		HideSolutionNode = FALSE
	EndGlobalSection
	GlobalSection(ExtensibilityGlobals) = postSolution
		SolutionGuid = {4C9D8BEC-2E00-48E8-AC9F-E0BE3DD3C110}
	EndGlobalSection
EndGlobal
